
Microsoft Visual Studio Solution File, Format Version 12.00
# Visual Studio Version 17
VisualStudioVersion = 17.8.34330.188
MinimumVisualStudioVersion = 10.0.40219.1
Project("{FAE04EC0-301F-11D3-BF4B-00C04F79EFBC}") = "Cadastro_pessoas", "Cadastro_pessoas\Cadastro_pessoas.csproj", "{DEF5890D-85CD-4B73-9CA3-660FFDC40C11}"
EndProject
Global
	GlobalSection(SolutionConfigurationPlatforms) = preSolution
		Debug|Any CPU = Debug|Any CPU
		Release|Any CPU = Release|Any CPU
	EndGlobalSection
	GlobalSection(ProjectConfigurationPlatforms) = postSolution
		{DEF5890D-85CD-4B73-9CA3-660FFDC40C11}.Debug|Any CPU.ActiveCfg = Debug|Any CPU
		{DEF5890D-85CD-4B73-9CA3-660FFDC40C11}.Debug|Any CPU.Build.0 = Debug|Any CPU
		{DEF5890D-85CD-4B73-9CA3-660FFDC40C11}.Release|Any CPU.ActiveCfg = Release|Any CPU
		{DEF5890D-85CD-4B73-9CA3-660FFDC40C11}.Release|Any CPU.Build.0 = Release|Any CPU
	EndGlobalSection
	GlobalSection(SolutionProperties) = preSolution
		HideSolutionNode = FALSE
	EndGlobalSection
	GlobalSection(ExtensibilityGlobals) = postSolution
		SolutionGuid = {A246E0BC-3783-4384-88D1-6889A893BB13}
	EndGlobalSection
EndGlobal
